
Microsoft Visual Studio Solution File, Format Version 12.00
# Visual Studio Version 17
VisualStudioVersion = 17.8.34330.188
MinimumVisualStudioVersion = 10.0.40219.1
Project("{FAE04EC0-301F-11D3-BF4B-00C04F79EFBC}") = "ponavljanje1", "ponavljanje1\ponavljanje1.csproj", "{7CC21A39-6A95-4726-A100-71364034BBD9}"
EndProject
Global
	GlobalSection(SolutionConfigurationPlatforms) = preSolution
		Debug|Any CPU = Debug|Any CPU
		Release|Any CPU = Release|Any CPU
	EndGlobalSection
	GlobalSection(ProjectConfigurationPlatforms) = postSolution
		{7CC21A39-6A95-4726-A100-71364034BBD9}.Debug|Any CPU.ActiveCfg = Debug|Any CPU
		{7CC21A39-6A95-4726-A100-71364034BBD9}.Debug|Any CPU.Build.0 = Debug|Any CPU
		{7CC21A39-6A95-4726-A100-71364034BBD9}.Release|Any CPU.ActiveCfg = Release|Any CPU
		{7CC21A39-6A95-4726-A100-71364034BBD9}.Release|Any CPU.Build.0 = Release|Any CPU
	EndGlobalSection
	GlobalSection(SolutionProperties) = preSolution
		HideSolutionNode = FALSE
	EndGlobalSection
	GlobalSection(ExtensibilityGlobals) = postSolution
		SolutionGuid = {2AC5060A-67EC-47CC-B8A1-798B7050A3CA}
	EndGlobalSection
EndGlobal
